
Microsoft Visual Studio Solution File, Format Version 12.00
# Visual Studio Version 16
VisualStudioVersion = 16.0.29728.190
MinimumVisualStudioVersion = 10.0.40219.1
Project("{FAE04EC0-301F-11D3-BF4B-00C04F79EFBC}") = "WebApi", "WebApi\WebApi.csproj", "{6ED71A06-7BBF-4581-8F08-E9185D15AE3B}"
EndProject
Global
	GlobalSection(SolutionConfigurationPlatforms) = preSolution
		Debug|Any CPU = Debug|Any CPU
		Release|Any CPU = Release|Any CPU
	EndGlobalSection
	GlobalSection(ProjectConfigurationPlatforms) = postSolution
		{6ED71A06-7BBF-4581-8F08-E9185D15AE3B}.Debug|Any CPU.ActiveCfg = Debug|Any CPU
		{6ED71A06-7BBF-4581-8F08-E9185D15AE3B}.Debug|Any CPU.Build.0 = Debug|Any CPU
		{6ED71A06-7BBF-4581-8F08-E9185D15AE3B}.Release|Any CPU.ActiveCfg = Release|Any CPU
		{6ED71A06-7BBF-4581-8F08-E9185D15AE3B}.Release|Any CPU.Build.0 = Release|Any CPU
	EndGlobalSection
	GlobalSection(SolutionProperties) = preSolution
		HideSolutionNode = FALSE
	EndGlobalSection
	GlobalSection(ExtensibilityGlobals) = postSolution
		SolutionGuid = {E59900A4-E66F-42B1-8A7E-B19345999DB1}
	EndGlobalSection
EndGlobal
